// !$*UTF8*$!
{
	archiveVersion = 1;
	classes = {
	};
	objectVersion = 63;
	objects = {

/* Begin PBXBuildFile section */
		047099E7C09FBFF6F0CC075E /* NotificationSettingsView.swift in Sources */ = {isa = PBXBuildFile; fileRef = A09BA7B396ADBC39C79AECC4 /* NotificationSettingsView.swift */; };
		0FF1194A4BC6044FF66EFFD1 /* UserNotificationManager.swift in Sources */ = {isa = PBXBuildFile; fileRef = BDD085F170AC5FDD5337B77A /* UserNotificationManager.swift */; };
		1056B97FDCDE01258A921745 /* ChatView.swift in Sources */ = {isa = PBXBuildFile; fileRef = 36FA674154EAC5475EAE996E /* ChatView.swift */; };
		1B452C2D2E3E725EB14BB715 /* MarkdownRenderer.swift in Sources */ = {isa = PBXBuildFile; fileRef = DA57C53AE54EA32108789726 /* MarkdownRenderer.swift */; };
		243BFBD46982B50A002D883C /* AgentAPI.swift in Sources */ = {isa = PBXBuildFile; fileRef = 0A15D7B027EF3A929198DB98 /* AgentAPI.swift */; };
		28297D0AF1E45C39A239699B /* AgentDetailView.swift in Sources */ = {isa = PBXBuildFile; fileRef = 62FBB7324E14E2093A74C7CC /* AgentDetailView.swift */; };
		287C9CFA18B678C522801496 /* ConversationListView.swift in Sources */ = {isa = PBXBuildFile; fileRef = C06F865D2115C60926D0088A /* ConversationListView.swift */; };
		2AE873A5CD252F298E3DD6E2 /* VoiceService.swift in Sources */ = {isa = PBXBuildFile; fileRef = 547D60AAA5B37819DAB1FB81 /* VoiceService.swift */; };
		2B505A18A4C45AF32ED863C9 /* VoiceSettingsView.swift in Sources */ = {isa = PBXBuildFile; fileRef = C1796705FA76C74481ED16D3 /* VoiceSettingsView.swift */; };
		2CDA51047B8AEF1E73763EDA /* CronManagerViewModel.swift in Sources */ = {isa = PBXBuildFile; fileRef = DBCAC1034D8FB4ED41DDBD99 /* CronManagerViewModel.swift */; };
		2F5825000BE6F7448EA5AA4A /* ChatViewModel.swift in Sources */ = {isa = PBXBuildFile; fileRef = 74C863C8B19E733A6AC5A518 /* ChatViewModel.swift */; };
		36CF777163D8CC81177EC52A /* OnboardingView.swift in Sources */ = {isa = PBXBuildFile; fileRef = A1A09EF4A90C80BE920578D7 /* OnboardingView.swift */; };
		3C62FDF71318412EF5A70634 /* AgentRecommendationCard.swift in Sources */ = {isa = PBXBuildFile; fileRef = 1C555B11E6A010C2E3B0A7EF /* AgentRecommendationCard.swift */; };
		4397BB9FBA658ED97657BEF8 /* ResearchView.swift in Sources */ = {isa = PBXBuildFile; fileRef = DB9B3BCA7A74D8C2256B692F /* ResearchView.swift */; };
		453F519AB25CAFE1B065568E /* SpawnSessionViewModel.swift in Sources */ = {isa = PBXBuildFile; fileRef = A3E6D78C9F068C68EBF2772B /* SpawnSessionViewModel.swift */; };
		5866A10BD37C5400ADC0EDF7 /* SettingsView.swift in Sources */ = {isa = PBXBuildFile; fileRef = 6963F6A882F785D875751DC8 /* SettingsView.swift */; };
		594A7FE036A0347F131D1EFD /* ActiveSpawnsView.swift in Sources */ = {isa = PBXBuildFile; fileRef = 095AF7643AF746734C10327A /* ActiveSpawnsView.swift */; };
		5AE551D62DDD2A03DFAFC383 /* VoiceModeView.swift in Sources */ = {isa = PBXBuildFile; fileRef = 65FBB57A5A845110D5D37AEC /* VoiceModeView.swift */; };
		5E4A735C13AA435E31836C9F /* ConversationRow.swift in Sources */ = {isa = PBXBuildFile; fileRef = 12F78D2850AFD29F295977C9 /* ConversationRow.swift */; };
		5FE6F0D96E431C3F8FC761F6 /* SettingsViewModel.swift in Sources */ = {isa = PBXBuildFile; fileRef = F22CD8D15E8993EE03235A50 /* SettingsViewModel.swift */; };
		6A6BACF9A649ADFA543D44C0 /* AgentsView.swift in Sources */ = {isa = PBXBuildFile; fileRef = B10EF3CFF2697EEC2A5BCFD3 /* AgentsView.swift */; };
		6DA060AA191FB9377050C218 /* AgentModels.swift in Sources */ = {isa = PBXBuildFile; fileRef = 5C520E62B553A8D3985A4F84 /* AgentModels.swift */; };
		7275EF35775A9A0ED78655F0 /* Extensions.swift in Sources */ = {isa = PBXBuildFile; fileRef = 9BA3EAC3254BE86F767A1A58 /* Extensions.swift */; };
		7B2F2493D4170C80246F9B4D /* MainTabView.swift in Sources */ = {isa = PBXBuildFile; fileRef = C954BE509351741696032EE7 /* MainTabView.swift */; };
		7F3F46A576AFDBC996629B64 /* ServiceVaultView.swift in Sources */ = {isa = PBXBuildFile; fileRef = CFC9B7B7B4099F05D5918CEC /* ServiceVaultView.swift */; };
		85A35DC9CC3AD7207C2429D0 /* ChatInputBar.swift in Sources */ = {isa = PBXBuildFile; fileRef = 32F97A5A7084908D683B6348 /* ChatInputBar.swift */; };
		85C288D94DF573D8A764B16B /* MessageBubble.swift in Sources */ = {isa = PBXBuildFile; fileRef = 72C2055322A5E9A080FE58F0 /* MessageBubble.swift */; };
		989D473A1C8D7AD7E2E2201C /* Message.swift in Sources */ = {isa = PBXBuildFile; fileRef = 521BC869C4C726F73CD19457 /* Message.swift */; };
		9A78740C5D16FB2584970373 /* DashboardView.swift in Sources */ = {isa = PBXBuildFile; fileRef = BB04F415F5A0336534676135 /* DashboardView.swift */; };
		A39819344E7D67A1D7AF14F5 /* Assets.xcassets in Resources */ = {isa = PBXBuildFile; fileRef = E110F2B85DEC9913C4D86412 /* Assets.xcassets */; };
		A961EEDE805FFC64029181CB /* ShareSheet.swift in Sources */ = {isa = PBXBuildFile; fileRef = 685711972D9953F4C2363090 /* ShareSheet.swift */; };
		AB84118DC8D39AFA1C82F598 /* APIModels.swift in Sources */ = {isa = PBXBuildFile; fileRef = 8CD25D4909E0DDDA550A3BB8 /* APIModels.swift */; };
		B6CA71D81F72E84D5C5E8CC3 /* AgentInteractionSheet.swift in Sources */ = {isa = PBXBuildFile; fileRef = 95F26965F3F19649A7F81996 /* AgentInteractionSheet.swift */; };
		BB41CD7426096F6AFC5FAE68 /* ProjectModels.swift in Sources */ = {isa = PBXBuildFile; fileRef = C653D9D4D860DF4B948883A8 /* ProjectModels.swift */; };
		BBC4B055B8054173DF22EC26 /* Conversation.swift in Sources */ = {isa = PBXBuildFile; fileRef = DF0683B17A9ADEC954462EEC /* Conversation.swift */; };
		BFF37098DDC344570E3050DF /* CipherAPI.swift in Sources */ = {isa = PBXBuildFile; fileRef = 3DAD6B1A6E081F3E0B136E3A /* CipherAPI.swift */; };
		C3073A6D6ACB4AEF5B1976AB /* CipherApp.swift in Sources */ = {isa = PBXBuildFile; fileRef = 347A32017A4B48DCDE07415C /* CipherApp.swift */; };
		C60EA76CED3BB50AD2940046 /* HapticsService.swift in Sources */ = {isa = PBXBuildFile; fileRef = 22F386D745FC2EDA0678E122 /* HapticsService.swift */; };
		C7142328F690B5A4F62E615B /* KeychainService.swift in Sources */ = {isa = PBXBuildFile; fileRef = 02335A3558BF29FE0A934615 /* KeychainService.swift */; };
		D0D75616FC912358C995C461 /* CipherLogo.swift in Sources */ = {isa = PBXBuildFile; fileRef = A303E60AF088D82BEF19D6BA /* CipherLogo.swift */; };
		DD01678E4BB9BA6C47CABF0F /* VoiceCloneView.swift in Sources */ = {isa = PBXBuildFile; fileRef = 2C6E97ECD98EE681F24AD942 /* VoiceCloneView.swift */; };
		DFD8C4E81DFC8860D1246935 /* ConversationStorage.swift in Sources */ = {isa = PBXBuildFile; fileRef = C5B36F604621CD5CA94F6AFF /* ConversationStorage.swift */; };
		E18214C7D830996F318ABCDE /* CronManagerView.swift in Sources */ = {isa = PBXBuildFile; fileRef = 1DB954DF6D07D17A82307A0D /* CronManagerView.swift */; };
		E36B3E21FC12488524596BCB /* MediaGenerationView.swift in Sources */ = {isa = PBXBuildFile; fileRef = C08E187CC0B7ED9FA6AB0E09 /* MediaGenerationView.swift */; };
		E656D3020FDC2A5D8046E524 /* Constants.swift in Sources */ = {isa = PBXBuildFile; fileRef = FB467381D9B6A344EB9610CA /* Constants.swift */; };
		EEC15FB6FC1794AC10F7FA7B /* ProjectsView.swift in Sources */ = {isa = PBXBuildFile; fileRef = D99D2E52E343CDEF04D25E94 /* ProjectsView.swift */; };
		EF45C6EF93FBE4478207FC26 /* DashboardViewModel.swift in Sources */ = {isa = PBXBuildFile; fileRef = EECB3E76E36DC895021F17C4 /* DashboardViewModel.swift */; };
		F4418052B2AC8C4F87618AF4 /* LoadingView.swift in Sources */ = {isa = PBXBuildFile; fileRef = B8D2ED6E18178D603A2BDF36 /* LoadingView.swift */; };
		FE75D2D7590933E83FA61322 /* AgentsViewModel.swift in Sources */ = {isa = PBXBuildFile; fileRef = B753B242223E872C6099E1AD /* AgentsViewModel.swift */; };
/* End PBXBuildFile section */

/* Begin PBXFileReference section */
		02335A3558BF29FE0A934615 /* KeychainService.swift */ = {isa = PBXFileReference; lastKnownFileType = sourcecode.swift; path = KeychainService.swift; sourceTree = "<group>"; };
		095AF7643AF746734C10327A /* ActiveSpawnsView.swift */ = {isa = PBXFileReference; lastKnownFileType = sourcecode.swift; path = ActiveSpawnsView.swift; sourceTree = "<group>"; };
		0A15D7B027EF3A929198DB98 /* AgentAPI.swift */ = {isa = PBXFileReference; lastKnownFileType = sourcecode.swift; path = AgentAPI.swift; sourceTree = "<group>"; };
		12F78D2850AFD29F295977C9 /* ConversationRow.swift */ = {isa = PBXFileReference; lastKnownFileType = sourcecode.swift; path = ConversationRow.swift; sourceTree = "<group>"; };
		137477BA4AD56F43E4EA9060 /* Info.plist */ = {isa = PBXFileReference; lastKnownFileType = text.plist; path = Info.plist; sourceTree = "<group>"; };
		1C555B11E6A010C2E3B0A7EF /* AgentRecommendationCard.swift */ = {isa = PBXFileReference; lastKnownFileType = sourcecode.swift; path = AgentRecommendationCard.swift; sourceTree = "<group>"; };
		1DB954DF6D07D17A82307A0D /* CronManagerView.swift */ = {isa = PBXFileReference; lastKnownFileType = sourcecode.swift; path = CronManagerView.swift; sourceTree = "<group>"; };
		22F386D745FC2EDA0678E122 /* HapticsService.swift */ = {isa = PBXFileReference; lastKnownFileType = sourcecode.swift; path = HapticsService.swift; sourceTree = "<group>"; };
		2C6E97ECD98EE681F24AD942 /* VoiceCloneView.swift */ = {isa = PBXFileReference; lastKnownFileType = sourcecode.swift; path = VoiceCloneView.swift; sourceTree = "<group>"; };
		32F97A5A7084908D683B6348 /* ChatInputBar.swift */ = {isa = PBXFileReference; lastKnownFileType = sourcecode.swift; path = ChatInputBar.swift; sourceTree = "<group>"; };
		347A32017A4B48DCDE07415C /* CipherApp.swift */ = {isa = PBXFileReference; lastKnownFileType = sourcecode.swift; path = CipherApp.swift; sourceTree = "<group>"; };
		36FA674154EAC5475EAE996E /* ChatView.swift */ = {isa = PBXFileReference; lastKnownFileType = sourcecode.swift; path = ChatView.swift; sourceTree = "<group>"; };
		3DAD6B1A6E081F3E0B136E3A /* CipherAPI.swift */ = {isa = PBXFileReference; lastKnownFileType = sourcecode.swift; path = CipherAPI.swift; sourceTree = "<group>"; };
		4C68558D67168148F0467495 /* Cipher.app */ = {isa = PBXFileReference; explicitFileType = wrapper.application; includeInIndex = 0; path = Cipher.app; sourceTree = BUILT_PRODUCTS_DIR; };
		521BC869C4C726F73CD19457 /* Message.swift */ = {isa = PBXFileReference; lastKnownFileType = sourcecode.swift; path = Message.swift; sourceTree = "<group>"; };
		547D60AAA5B37819DAB1FB81 /* VoiceService.swift */ = {isa = PBXFileReference; lastKnownFileType = sourcecode.swift; path = VoiceService.swift; sourceTree = "<group>"; };
		5C520E62B553A8D3985A4F84 /* AgentModels.swift */ = {isa = PBXFileReference; lastKnownFileType = sourcecode.swift; path = AgentModels.swift; sourceTree = "<group>"; };
		62FBB7324E14E2093A74C7CC /* AgentDetailView.swift */ = {isa = PBXFileReference; lastKnownFileType = sourcecode.swift; path = AgentDetailView.swift; sourceTree = "<group>"; };
		65FBB57A5A845110D5D37AEC /* VoiceModeView.swift */ = {isa = PBXFileReference; lastKnownFileType = sourcecode.swift; path = VoiceModeView.swift; sourceTree = "<group>"; };
		685711972D9953F4C2363090 /* ShareSheet.swift */ = {isa = PBXFileReference; lastKnownFileType = sourcecode.swift; path = ShareSheet.swift; sourceTree = "<group>"; };
		6963F6A882F785D875751DC8 /* SettingsView.swift */ = {isa = PBXFileReference; lastKnownFileType = sourcecode.swift; path = SettingsView.swift; sourceTree = "<group>"; };
		72C2055322A5E9A080FE58F0 /* MessageBubble.swift */ = {isa = PBXFileReference; lastKnownFileType = sourcecode.swift; path = MessageBubble.swift; sourceTree = "<group>"; };
		74C863C8B19E733A6AC5A518 /* ChatViewModel.swift */ = {isa = PBXFileReference; lastKnownFileType = sourcecode.swift; path = ChatViewModel.swift; sourceTree = "<group>"; };
		8CD25D4909E0DDDA550A3BB8 /* APIModels.swift */ = {isa = PBXFileReference; lastKnownFileType = sourcecode.swift; path = APIModels.swift; sourceTree = "<group>"; };
		95F26965F3F19649A7F81996 /* AgentInteractionSheet.swift */ = {isa = PBXFileReference; lastKnownFileType = sourcecode.swift; path = AgentInteractionSheet.swift; sourceTree = "<group>"; };
		9BA3EAC3254BE86F767A1A58 /* Extensions.swift */ = {isa = PBXFileReference; lastKnownFileType = sourcecode.swift; path = Extensions.swift; sourceTree = "<group>"; };
		A09BA7B396ADBC39C79AECC4 /* NotificationSettingsView.swift */ = {isa = PBXFileReference; lastKnownFileType = sourcecode.swift; path = NotificationSettingsView.swift; sourceTree = "<group>"; };
		A1A09EF4A90C80BE920578D7 /* OnboardingView.swift */ = {isa = PBXFileReference; lastKnownFileType = sourcecode.swift; path = OnboardingView.swift; sourceTree = "<group>"; };
		A1B2FAC4B482BE64823A85E6 /* CipherApp.entitlements */ = {isa = PBXFileReference; lastKnownFileType = text.plist.entitlements; path = CipherApp.entitlements; sourceTree = "<group>"; };
		A303E60AF088D82BEF19D6BA /* CipherLogo.swift */ = {isa = PBXFileReference; lastKnownFileType = sourcecode.swift; path = CipherLogo.swift; sourceTree = "<group>"; };
		A3E6D78C9F068C68EBF2772B /* SpawnSessionViewModel.swift */ = {isa = PBXFileReference; lastKnownFileType = sourcecode.swift; path = SpawnSessionViewModel.swift; sourceTree = "<group>"; };
		B10EF3CFF2697EEC2A5BCFD3 /* AgentsView.swift */ = {isa = PBXFileReference; lastKnownFileType = sourcecode.swift; path = AgentsView.swift; sourceTree = "<group>"; };
		B753B242223E872C6099E1AD /* AgentsViewModel.swift */ = {isa = PBXFileReference; lastKnownFileType = sourcecode.swift; path = AgentsViewModel.swift; sourceTree = "<group>"; };
		B8D2ED6E18178D603A2BDF36 /* LoadingView.swift */ = {isa = PBXFileReference; lastKnownFileType = sourcecode.swift; path = LoadingView.swift; sourceTree = "<group>"; };
		BB04F415F5A0336534676135 /* DashboardView.swift */ = {isa = PBXFileReference; lastKnownFileType = sourcecode.swift; path = DashboardView.swift; sourceTree = "<group>"; };
		BDD085F170AC5FDD5337B77A /* UserNotificationManager.swift */ = {isa = PBXFileReference; lastKnownFileType = sourcecode.swift; path = UserNotificationManager.swift; sourceTree = "<group>"; };
		C06F865D2115C60926D0088A /* ConversationListView.swift */ = {isa = PBXFileReference; lastKnownFileType = sourcecode.swift; path = ConversationListView.swift; sourceTree = "<group>"; };
		C08E187CC0B7ED9FA6AB0E09 /* MediaGenerationView.swift */ = {isa = PBXFileReference; lastKnownFileType = sourcecode.swift; path = MediaGenerationView.swift; sourceTree = "<group>"; };
		C1796705FA76C74481ED16D3 /* VoiceSettingsView.swift */ = {isa = PBXFileReference; lastKnownFileType = sourcecode.swift; path = VoiceSettingsView.swift; sourceTree = "<group>"; };
		C5B36F604621CD5CA94F6AFF /* ConversationStorage.swift */ = {isa = PBXFileReference; lastKnownFileType = sourcecode.swift; path = ConversationStorage.swift; sourceTree = "<group>"; };
		C653D9D4D860DF4B948883A8 /* ProjectModels.swift */ = {isa = PBXFileReference; lastKnownFileType = sourcecode.swift; path = ProjectModels.swift; sourceTree = "<group>"; };
		C954BE509351741696032EE7 /* MainTabView.swift */ = {isa = PBXFileReference; lastKnownFileType = sourcecode.swift; path = MainTabView.swift; sourceTree = "<group>"; };
		CFC9B7B7B4099F05D5918CEC /* ServiceVaultView.swift */ = {isa = PBXFileReference; lastKnownFileType = sourcecode.swift; path = ServiceVaultView.swift; sourceTree = "<group>"; };
		D99D2E52E343CDEF04D25E94 /* ProjectsView.swift */ = {isa = PBXFileReference; lastKnownFileType = sourcecode.swift; path = ProjectsView.swift; sourceTree = "<group>"; };
		DA57C53AE54EA32108789726 /* MarkdownRenderer.swift */ = {isa = PBXFileReference; lastKnownFileType = sourcecode.swift; path = MarkdownRenderer.swift; sourceTree = "<group>"; };
		DB9B3BCA7A74D8C2256B692F /* ResearchView.swift */ = {isa = PBXFileReference; lastKnownFileType = sourcecode.swift; path = ResearchView.swift; sourceTree = "<group>"; };
		DBCAC1034D8FB4ED41DDBD99 /* CronManagerViewModel.swift */ = {isa = PBXFileReference; lastKnownFileType = sourcecode.swift; path = CronManagerViewModel.swift; sourceTree = "<group>"; };
		DF0683B17A9ADEC954462EEC /* Conversation.swift */ = {isa = PBXFileReference; lastKnownFileType = sourcecode.swift; path = Conversation.swift; sourceTree = "<group>"; };
		E110F2B85DEC9913C4D86412 /* Assets.xcassets */ = {isa = PBXFileReference; lastKnownFileType = folder.assetcatalog; path = Assets.xcassets; sourceTree = "<group>"; };
		EECB3E76E36DC895021F17C4 /* DashboardViewModel.swift */ = {isa = PBXFileReference; lastKnownFileType = sourcecode.swift; path = DashboardViewModel.swift; sourceTree = "<group>"; };
		F22CD8D15E8993EE03235A50 /* SettingsViewModel.swift */ = {isa = PBXFileReference; lastKnownFileType = sourcecode.swift; path = SettingsViewModel.swift; sourceTree = "<group>"; };
		FB467381D9B6A344EB9610CA /* Constants.swift */ = {isa = PBXFileReference; lastKnownFileType = sourcecode.swift; path = Constants.swift; sourceTree = "<group>"; };
/* End PBXFileReference section */

/* Begin PBXGroup section */
		004141A73809BDF24B1C9375 /* Conversations */ = {
			isa = PBXGroup;
			children = (
				C06F865D2115C60926D0088A /* ConversationListView.swift */,
				12F78D2850AFD29F295977C9 /* ConversationRow.swift */,
			);
			path = Conversations;
			sourceTree = "<group>";
		};
		0042127B292662C65D2B26E6 /* CipherApp */ = {
			isa = PBXGroup;
			children = (
				E110F2B85DEC9913C4D86412 /* Assets.xcassets */,
				A1B2FAC4B482BE64823A85E6 /* CipherApp.entitlements */,
				347A32017A4B48DCDE07415C /* CipherApp.swift */,
				137477BA4AD56F43E4EA9060 /* Info.plist */,
				B41D31BDB9AD4DEB98E37233 /* Models */,
				A20CD721878E93878EBA5ED5 /* Services */,
				19300D2622C9EEBF10C5FB97 /* Utils */,
				F702F02E6A758E3BB6B24E4B /* ViewModels */,
				9F5B51598F73FF0F271C79C2 /* Views */,
			);
			path = CipherApp;
			sourceTree = "<group>";
		};
		19300D2622C9EEBF10C5FB97 /* Utils */ = {
			isa = PBXGroup;
			children = (
				FB467381D9B6A344EB9610CA /* Constants.swift */,
				9BA3EAC3254BE86F767A1A58 /* Extensions.swift */,
			);
			path = Utils;
			sourceTree = "<group>";
		};
		2552BB9618A6AD35839379FA /* Projects */ = {
			isa = PBXGroup;
			children = (
				D99D2E52E343CDEF04D25E94 /* ProjectsView.swift */,
				CFC9B7B7B4099F05D5918CEC /* ServiceVaultView.swift */,
			);
			path = Projects;
			sourceTree = "<group>";
		};
		345A64A3FA0EA5BBE3CA3973 /* Onboarding */ = {
			isa = PBXGroup;
			children = (
				A1A09EF4A90C80BE920578D7 /* OnboardingView.swift */,
			);
			path = Onboarding;
			sourceTree = "<group>";
		};
		52B39BB7045686605E4FDBCD /* Agents */ = {
			isa = PBXGroup;
			children = (
				095AF7643AF746734C10327A /* ActiveSpawnsView.swift */,
				62FBB7324E14E2093A74C7CC /* AgentDetailView.swift */,
				95F26965F3F19649A7F81996 /* AgentInteractionSheet.swift */,
				B10EF3CFF2697EEC2A5BCFD3 /* AgentsView.swift */,
				1DB954DF6D07D17A82307A0D /* CronManagerView.swift */,
			);
			path = Agents;
			sourceTree = "<group>";
		};
		8A599624B77DC5DED0C47FA6 = {
			isa = PBXGroup;
			children = (
				0042127B292662C65D2B26E6 /* CipherApp */,
				F2DA6A72E3EAD62423795084 /* Products */,
			);
			sourceTree = "<group>";
		};
		9F5B51598F73FF0F271C79C2 /* Views */ = {
			isa = PBXGroup;
			children = (
				C954BE509351741696032EE7 /* MainTabView.swift */,
				52B39BB7045686605E4FDBCD /* Agents */,
				ED4676E805AC0D08F53F3715 /* Chat */,
				FEAA661DD3D5D918CCF2EBE8 /* Components */,
				004141A73809BDF24B1C9375 /* Conversations */,
				E035839134FF3C92F4318DFA /* Dashboard */,
				C9132C81E017675E7E4E267D /* Media */,
				345A64A3FA0EA5BBE3CA3973 /* Onboarding */,
				2552BB9618A6AD35839379FA /* Projects */,
				B919A0AC56321517851B7F58 /* Research */,
				F7EC57E1147A6A4D9F9331D2 /* Settings */,
				F3E70B9DD62F1F1C28DEA168 /* Voice */,
			);
			path = Views;
			sourceTree = "<group>";
		};
		A20CD721878E93878EBA5ED5 /* Services */ = {
			isa = PBXGroup;
			children = (
				0A15D7B027EF3A929198DB98 /* AgentAPI.swift */,
				3DAD6B1A6E081F3E0B136E3A /* CipherAPI.swift */,
				C5B36F604621CD5CA94F6AFF /* ConversationStorage.swift */,
				22F386D745FC2EDA0678E122 /* HapticsService.swift */,
				02335A3558BF29FE0A934615 /* KeychainService.swift */,
				BDD085F170AC5FDD5337B77A /* UserNotificationManager.swift */,
				547D60AAA5B37819DAB1FB81 /* VoiceService.swift */,
			);
			path = Services;
			sourceTree = "<group>";
		};
		B41D31BDB9AD4DEB98E37233 /* Models */ = {
			isa = PBXGroup;
			children = (
				5C520E62B553A8D3985A4F84 /* AgentModels.swift */,
				8CD25D4909E0DDDA550A3BB8 /* APIModels.swift */,
				DF0683B17A9ADEC954462EEC /* Conversation.swift */,
				521BC869C4C726F73CD19457 /* Message.swift */,
				C653D9D4D860DF4B948883A8 /* ProjectModels.swift */,
			);
			path = Models;
			sourceTree = "<group>";
		};
		B919A0AC56321517851B7F58 /* Research */ = {
			isa = PBXGroup;
			children = (
				DB9B3BCA7A74D8C2256B692F /* ResearchView.swift */,
			);
			path = Research;
			sourceTree = "<group>";
		};
		C9132C81E017675E7E4E267D /* Media */ = {
			isa = PBXGroup;
			children = (
				C08E187CC0B7ED9FA6AB0E09 /* MediaGenerationView.swift */,
			);
			path = Media;
			sourceTree = "<group>";
		};
		E035839134FF3C92F4318DFA /* Dashboard */ = {
			isa = PBXGroup;
			children = (
				BB04F415F5A0336534676135 /* DashboardView.swift */,
			);
			path = Dashboard;
			sourceTree = "<group>";
		};
		ED4676E805AC0D08F53F3715 /* Chat */ = {
			isa = PBXGroup;
			children = (
				1C555B11E6A010C2E3B0A7EF /* AgentRecommendationCard.swift */,
				32F97A5A7084908D683B6348 /* ChatInputBar.swift */,
				36FA674154EAC5475EAE996E /* ChatView.swift */,
				72C2055322A5E9A080FE58F0 /* MessageBubble.swift */,
				65FBB57A5A845110D5D37AEC /* VoiceModeView.swift */,
			);
			path = Chat;
			sourceTree = "<group>";
		};
		F2DA6A72E3EAD62423795084 /* Products */ = {
			isa = PBXGroup;
			children = (
				4C68558D67168148F0467495 /* Cipher.app */,
			);
			name = Products;
			sourceTree = "<group>";
		};
		F3E70B9DD62F1F1C28DEA168 /* Voice */ = {
			isa = PBXGroup;
			children = (
				2C6E97ECD98EE681F24AD942 /* VoiceCloneView.swift */,
				C1796705FA76C74481ED16D3 /* VoiceSettingsView.swift */,
			);
			path = Voice;
			sourceTree = "<group>";
		};
		F702F02E6A758E3BB6B24E4B /* ViewModels */ = {
			isa = PBXGroup;
			children = (
				B753B242223E872C6099E1AD /* AgentsViewModel.swift */,
				74C863C8B19E733A6AC5A518 /* ChatViewModel.swift */,
				DBCAC1034D8FB4ED41DDBD99 /* CronManagerViewModel.swift */,
				EECB3E76E36DC895021F17C4 /* DashboardViewModel.swift */,
				F22CD8D15E8993EE03235A50 /* SettingsViewModel.swift */,
				A3E6D78C9F068C68EBF2772B /* SpawnSessionViewModel.swift */,
			);
			path = ViewModels;
			sourceTree = "<group>";
		};
		F7EC57E1147A6A4D9F9331D2 /* Settings */ = {
			isa = PBXGroup;
			children = (
				A09BA7B396ADBC39C79AECC4 /* NotificationSettingsView.swift */,
				6963F6A882F785D875751DC8 /* SettingsView.swift */,
			);
			path = Settings;
			sourceTree = "<group>";
		};
		FEAA661DD3D5D918CCF2EBE8 /* Components */ = {
			isa = PBXGroup;
			children = (
				A303E60AF088D82BEF19D6BA /* CipherLogo.swift */,
				B8D2ED6E18178D603A2BDF36 /* LoadingView.swift */,
				DA57C53AE54EA32108789726 /* MarkdownRenderer.swift */,
				685711972D9953F4C2363090 /* ShareSheet.swift */,
			);
			path = Components;
			sourceTree = "<group>";
		};
/* End PBXGroup section */

/* Begin PBXNativeTarget section */
		F23F7E49AB0D66CCAF691896 /* CipherApp */ = {
			isa = PBXNativeTarget;
			buildConfigurationList = EB17D3799598764F7BD757C6 /* Build configuration list for PBXNativeTarget "CipherApp" */;
			buildPhases = (
				15E1558F97A160A1F7202B0A /* Sources */,
				8837AF851FDB4B51D27F9605 /* Resources */,
			);
			buildRules = (
			);
			dependencies = (
			);
			name = CipherApp;
			packageProductDependencies = (
			);
			productName = CipherApp;
			productReference = 4C68558D67168148F0467495 /* Cipher.app */;
			productType = "com.apple.product-type.application";
		};
/* End PBXNativeTarget section */

/* Begin PBXProject section */
		269F7D75D21B6CD235621691 /* Project object */ = {
			isa = PBXProject;
			attributes = {
				BuildIndependentTargetsInParallel = YES;
				LastUpgradeCheck = 1430;
				TargetAttributes = {
					F23F7E49AB0D66CCAF691896 = {
						ProvisioningStyle = Automatic;
					};
				};
			};
			buildConfigurationList = 562572833925510C42CC6255 /* Build configuration list for PBXProject "CipherApp" */;
			compatibilityVersion = "Xcode 14.0";
			developmentRegion = en;
			hasScannedForEncodings = 0;
			knownRegions = (
				Base,
				en,
			);
			mainGroup = 8A599624B77DC5DED0C47FA6;
			minimizedProjectReferenceProxies = 1;
			projectDirPath = "";
			projectRoot = "";
			targets = (
				F23F7E49AB0D66CCAF691896 /* CipherApp */,
			);
		};
/* End PBXProject section */

/* Begin PBXResourcesBuildPhase section */
		8837AF851FDB4B51D27F9605 /* Resources */ = {
			isa = PBXResourcesBuildPhase;
			buildActionMask = 2147483647;
			files = (
				A39819344E7D67A1D7AF14F5 /* Assets.xcassets in Resources */,
			);
			runOnlyForDeploymentPostprocessing = 0;
		};
/* End PBXResourcesBuildPhase section */

/* Begin PBXSourcesBuildPhase section */
		15E1558F97A160A1F7202B0A /* Sources */ = {
			isa = PBXSourcesBuildPhase;
			buildActionMask = 2147483647;
			files = (
				AB84118DC8D39AFA1C82F598 /* APIModels.swift in Sources */,
				594A7FE036A0347F131D1EFD /* ActiveSpawnsView.swift in Sources */,
				243BFBD46982B50A002D883C /* AgentAPI.swift in Sources */,
				28297D0AF1E45C39A239699B /* AgentDetailView.swift in Sources */,
				B6CA71D81F72E84D5C5E8CC3 /* AgentInteractionSheet.swift in Sources */,
				6DA060AA191FB9377050C218 /* AgentModels.swift in Sources */,
				3C62FDF71318412EF5A70634 /* AgentRecommendationCard.swift in Sources */,
				6A6BACF9A649ADFA543D44C0 /* AgentsView.swift in Sources */,
				FE75D2D7590933E83FA61322 /* AgentsViewModel.swift in Sources */,
				85A35DC9CC3AD7207C2429D0 /* ChatInputBar.swift in Sources */,
				1056B97FDCDE01258A921745 /* ChatView.swift in Sources */,
				2F5825000BE6F7448EA5AA4A /* ChatViewModel.swift in Sources */,
				BFF37098DDC344570E3050DF /* CipherAPI.swift in Sources */,
				C3073A6D6ACB4AEF5B1976AB /* CipherApp.swift in Sources */,
				D0D75616FC912358C995C461 /* CipherLogo.swift in Sources */,
				E656D3020FDC2A5D8046E524 /* Constants.swift in Sources */,
				BBC4B055B8054173DF22EC26 /* Conversation.swift in Sources */,
				287C9CFA18B678C522801496 /* ConversationListView.swift in Sources */,
				5E4A735C13AA435E31836C9F /* ConversationRow.swift in Sources */,
				DFD8C4E81DFC8860D1246935 /* ConversationStorage.swift in Sources */,
				E18214C7D830996F318ABCDE /* CronManagerView.swift in Sources */,
				2CDA51047B8AEF1E73763EDA /* CronManagerViewModel.swift in Sources */,
				9A78740C5D16FB2584970373 /* DashboardView.swift in Sources */,
				EF45C6EF93FBE4478207FC26 /* DashboardViewModel.swift in Sources */,
				7275EF35775A9A0ED78655F0 /* Extensions.swift in Sources */,
				C60EA76CED3BB50AD2940046 /* HapticsService.swift in Sources */,
				C7142328F690B5A4F62E615B /* KeychainService.swift in Sources */,
				F4418052B2AC8C4F87618AF4 /* LoadingView.swift in Sources */,
				7B2F2493D4170C80246F9B4D /* MainTabView.swift in Sources */,
				1B452C2D2E3E725EB14BB715 /* MarkdownRenderer.swift in Sources */,
				E36B3E21FC12488524596BCB /* MediaGenerationView.swift in Sources */,
				989D473A1C8D7AD7E2E2201C /* Message.swift in Sources */,
				85C288D94DF573D8A764B16B /* MessageBubble.swift in Sources */,
				047099E7C09FBFF6F0CC075E /* NotificationSettingsView.swift in Sources */,
				36CF777163D8CC81177EC52A /* OnboardingView.swift in Sources */,
				BB41CD7426096F6AFC5FAE68 /* ProjectModels.swift in Sources */,
				EEC15FB6FC1794AC10F7FA7B /* ProjectsView.swift in Sources */,
				4397BB9FBA658ED97657BEF8 /* ResearchView.swift in Sources */,
				7F3F46A576AFDBC996629B64 /* ServiceVaultView.swift in Sources */,
				5866A10BD37C5400ADC0EDF7 /* SettingsView.swift in Sources */,
				5FE6F0D96E431C3F8FC761F6 /* SettingsViewModel.swift in Sources */,
				A961EEDE805FFC64029181CB /* ShareSheet.swift in Sources */,
				453F519AB25CAFE1B065568E /* SpawnSessionViewModel.swift in Sources */,
				0FF1194A4BC6044FF66EFFD1 /* UserNotificationManager.swift in Sources */,
				DD01678E4BB9BA6C47CABF0F /* VoiceCloneView.swift in Sources */,
				5AE551D62DDD2A03DFAFC383 /* VoiceModeView.swift in Sources */,
				2AE873A5CD252F298E3DD6E2 /* VoiceService.swift in Sources */,
				2B505A18A4C45AF32ED863C9 /* VoiceSettingsView.swift in Sources */,
			);
			runOnlyForDeploymentPostprocessing = 0;
		};
/* End PBXSourcesBuildPhase section */

/* Begin XCBuildConfiguration section */
		019BF24E2025A7BDA0118FA0 /* Debug */ = {
			isa = XCBuildConfiguration;
			buildSettings = {
				ASSETCATALOG_COMPILER_APPICON_NAME = AppIcon;
				CODE_SIGN_IDENTITY = "iPhone Developer";
				CODE_SIGN_STYLE = Automatic;
				DEVELOPMENT_TEAM = 88CQ9N6R9K;
				ENABLE_PREVIEWS = YES;
				GENERATE_INFOPLIST_FILE = NO;
				INFOPLIST_FILE = CipherApp/Info.plist;
				IPHONEOS_DEPLOYMENT_TARGET = 17.0;
				LD_RUNPATH_SEARCH_PATHS = (
					"$(inherited)",
					"@executable_path/Frameworks",
				);
				PRODUCT_BUNDLE_IDENTIFIER = io.elysianprotocol.cipher;
				PRODUCT_NAME = Cipher;
				SDKROOT = iphoneos;
				SWIFT_EMIT_LOC_STRINGS = YES;
				TARGETED_DEVICE_FAMILY = "1,2";
			};
			name = Debug;
		};
		744554FA9B203B8048FA3F25 /* Debug */ = {
			isa = XCBuildConfiguration;
			buildSettings = {
				ALWAYS_SEARCH_USER_PATHS = NO;
				CLANG_ANALYZER_NONNULL = YES;
				CLANG_ANALYZER_NUMBER_OBJECT_CONVERSION = YES_AGGRESSIVE;
				CLANG_CXX_LANGUAGE_STANDARD = "gnu++14";
				CLANG_CXX_LIBRARY = "libc++";
				CLANG_ENABLE_MODULES = YES;
				CLANG_ENABLE_OBJC_ARC = YES;
				CLANG_ENABLE_OBJC_WEAK = YES;
				CLANG_WARN_BLOCK_CAPTURE_AUTORELEASING = YES;
				CLANG_WARN_BOOL_CONVERSION = YES;
				CLANG_WARN_COMMA = YES;
				CLANG_WARN_CONSTANT_CONVERSION = YES;
				CLANG_WARN_DEPRECATED_OBJC_IMPLEMENTATIONS = YES;
				CLANG_WARN_DIRECT_OBJC_ISA_USAGE = YES_ERROR;
				CLANG_WARN_DOCUMENTATION_COMMENTS = YES;
				CLANG_WARN_EMPTY_BODY = YES;
				CLANG_WARN_ENUM_CONVERSION = YES;
				CLANG_WARN_INFINITE_RECURSION = YES;
				CLANG_WARN_INT_CONVERSION = YES;
				CLANG_WARN_NON_LITERAL_NULL_CONVERSION = YES;
				CLANG_WARN_OBJC_IMPLICIT_RETAIN_SELF = YES;
				CLANG_WARN_OBJC_LITERAL_CONVERSION = YES;
				CLANG_WARN_OBJC_ROOT_CLASS = YES_ERROR;
				CLANG_WARN_QUOTED_INCLUDE_IN_FRAMEWORK_HEADER = YES;
				CLANG_WARN_RANGE_LOOP_ANALYSIS = YES;
				CLANG_WARN_STRICT_PROTOTYPES = YES;
				CLANG_WARN_SUSPICIOUS_MOVE = YES;
				CLANG_WARN_UNGUARDED_AVAILABILITY = YES_AGGRESSIVE;
				CLANG_WARN_UNREACHABLE_CODE = YES;
				CLANG_WARN__DUPLICATE_METHOD_MATCH = YES;
				COPY_PHASE_STRIP = NO;
				CURRENT_PROJECT_VERSION = 1;
				DEBUG_INFORMATION_FORMAT = dwarf;
				ENABLE_STRICT_OBJC_MSGSEND = YES;
				ENABLE_TESTABILITY = YES;
				GCC_C_LANGUAGE_STANDARD = gnu11;
				GCC_DYNAMIC_NO_PIC = NO;
				GCC_NO_COMMON_BLOCKS = YES;
				GCC_OPTIMIZATION_LEVEL = 0;
				GCC_PREPROCESSOR_DEFINITIONS = (
					"$(inherited)",
					"DEBUG=1",
				);
				GCC_WARN_64_TO_32_BIT_CONVERSION = YES;
				GCC_WARN_ABOUT_RETURN_TYPE = YES_ERROR;
				GCC_WARN_UNDECLARED_SELECTOR = YES;
				GCC_WARN_UNINITIALIZED_AUTOS = YES_AGGRESSIVE;
				GCC_WARN_UNUSED_FUNCTION = YES;
				GCC_WARN_UNUSED_VARIABLE = YES;
				IPHONEOS_DEPLOYMENT_TARGET = 17.0;
				MARKETING_VERSION = 2.0.0;
				MTL_ENABLE_DEBUG_INFO = INCLUDE_SOURCE;
				MTL_FAST_MATH = YES;
				ONLY_ACTIVE_ARCH = YES;
				PRODUCT_NAME = "$(TARGET_NAME)";
				SDKROOT = iphoneos;
				SWIFT_ACTIVE_COMPILATION_CONDITIONS = DEBUG;
				SWIFT_OPTIMIZATION_LEVEL = "-Onone";
				SWIFT_VERSION = 5.9;
			};
			name = Debug;
		};
		C883B1832935CB7307EDB44D /* Release */ = {
			isa = XCBuildConfiguration;
			buildSettings = {
				ASSETCATALOG_COMPILER_APPICON_NAME = AppIcon;
				CODE_SIGN_IDENTITY = "iPhone Developer";
				CODE_SIGN_STYLE = Automatic;
				DEVELOPMENT_TEAM = 88CQ9N6R9K;
				ENABLE_PREVIEWS = YES;
				GENERATE_INFOPLIST_FILE = NO;
				INFOPLIST_FILE = CipherApp/Info.plist;
				IPHONEOS_DEPLOYMENT_TARGET = 17.0;
				LD_RUNPATH_SEARCH_PATHS = (
					"$(inherited)",
					"@executable_path/Frameworks",
				);
				PRODUCT_BUNDLE_IDENTIFIER = io.elysianprotocol.cipher;
				PRODUCT_NAME = Cipher;
				SDKROOT = iphoneos;
				SWIFT_EMIT_LOC_STRINGS = YES;
				TARGETED_DEVICE_FAMILY = "1,2";
			};
			name = Release;
		};
		E6A892F64A953AD5D68A77E5 /* Release */ = {
			isa = XCBuildConfiguration;
			buildSettings = {
				ALWAYS_SEARCH_USER_PATHS = NO;
				CLANG_ANALYZER_NONNULL = YES;
				CLANG_ANALYZER_NUMBER_OBJECT_CONVERSION = YES_AGGRESSIVE;
				CLANG_CXX_LANGUAGE_STANDARD = "gnu++14";
				CLANG_CXX_LIBRARY = "libc++";
				CLANG_ENABLE_MODULES = YES;
				CLANG_ENABLE_OBJC_ARC = YES;
				CLANG_ENABLE_OBJC_WEAK = YES;
				CLANG_WARN_BLOCK_CAPTURE_AUTORELEASING = YES;
				CLANG_WARN_BOOL_CONVERSION = YES;
				CLANG_WARN_COMMA = YES;
				CLANG_WARN_CONSTANT_CONVERSION = YES;
				CLANG_WARN_DEPRECATED_OBJC_IMPLEMENTATIONS = YES;
				CLANG_WARN_DIRECT_OBJC_ISA_USAGE = YES_ERROR;
				CLANG_WARN_DOCUMENTATION_COMMENTS = YES;
				CLANG_WARN_EMPTY_BODY = YES;
				CLANG_WARN_ENUM_CONVERSION = YES;
				CLANG_WARN_INFINITE_RECURSION = YES;
				CLANG_WARN_INT_CONVERSION = YES;
				CLANG_WARN_NON_LITERAL_NULL_CONVERSION = YES;
				CLANG_WARN_OBJC_IMPLICIT_RETAIN_SELF = YES;
				CLANG_WARN_OBJC_LITERAL_CONVERSION = YES;
				CLANG_WARN_OBJC_ROOT_CLASS = YES_ERROR;
				CLANG_WARN_QUOTED_INCLUDE_IN_FRAMEWORK_HEADER = YES;
				CLANG_WARN_RANGE_LOOP_ANALYSIS = YES;
				CLANG_WARN_STRICT_PROTOTYPES = YES;
				CLANG_WARN_SUSPICIOUS_MOVE = YES;
				CLANG_WARN_UNGUARDED_AVAILABILITY = YES_AGGRESSIVE;
				CLANG_WARN_UNREACHABLE_CODE = YES;
				CLANG_WARN__DUPLICATE_METHOD_MATCH = YES;
				COPY_PHASE_STRIP = NO;
				CURRENT_PROJECT_VERSION = 1;
				DEBUG_INFORMATION_FORMAT = "dwarf-with-dsym";
				ENABLE_NS_ASSERTIONS = NO;
				ENABLE_STRICT_OBJC_MSGSEND = YES;
				GCC_C_LANGUAGE_STANDARD = gnu11;
				GCC_NO_COMMON_BLOCKS = YES;
				GCC_WARN_64_TO_32_BIT_CONVERSION = YES;
				GCC_WARN_ABOUT_RETURN_TYPE = YES_ERROR;
				GCC_WARN_UNDECLARED_SELECTOR = YES;
				GCC_WARN_UNINITIALIZED_AUTOS = YES_AGGRESSIVE;
				GCC_WARN_UNUSED_FUNCTION = YES;
				GCC_WARN_UNUSED_VARIABLE = YES;
				IPHONEOS_DEPLOYMENT_TARGET = 17.0;
				MARKETING_VERSION = 2.0.0;
				MTL_ENABLE_DEBUG_INFO = NO;
				MTL_FAST_MATH = YES;
				PRODUCT_NAME = "$(TARGET_NAME)";
				SDKROOT = iphoneos;
				SWIFT_COMPILATION_MODE = wholemodule;
				SWIFT_OPTIMIZATION_LEVEL = "-O";
				SWIFT_VERSION = 5.9;
			};
			name = Release;
		};
/* End XCBuildConfiguration section */

/* Begin XCConfigurationList section */
		562572833925510C42CC6255 /* Build configuration list for PBXProject "CipherApp" */ = {
			isa = XCConfigurationList;
			buildConfigurations = (
				744554FA9B203B8048FA3F25 /* Debug */,
				E6A892F64A953AD5D68A77E5 /* Release */,
			);
			defaultConfigurationIsVisible = 0;
			defaultConfigurationName = Debug;
		};
		EB17D3799598764F7BD757C6 /* Build configuration list for PBXNativeTarget "CipherApp" */ = {
			isa = XCConfigurationList;
			buildConfigurations = (
				019BF24E2025A7BDA0118FA0 /* Debug */,
				C883B1832935CB7307EDB44D /* Release */,
			);
			defaultConfigurationIsVisible = 0;
			defaultConfigurationName = Debug;
		};
/* End XCConfigurationList section */
	};
	rootObject = 269F7D75D21B6CD235621691 /* Project object */;
}
